
Microsoft Visual Studio Solution File, Format Version 12.00
# Visual Studio Version 17
VisualStudioVersion = 17.4.33213.308
MinimumVisualStudioVersion = 10.0.40219.1
Project("{8BC9CEB8-8B4A-11D0-8D11-00A0C91BC942}") = "ArshLukeMarko_Group_13", "ArshLukeMarko_Group_13\ArshLukeMarko_Group_13.vcxproj", "{593B27F8-E15F-4AD3-B25A-39E7B2129C96}"
EndProject
Global
	GlobalSection(SolutionConfigurationPlatforms) = preSolution
		Debug|x64 = Debug|x64
		Debug|x86 = Debug|x86
		Release|x64 = Release|x64
		Release|x86 = Release|x86
	EndGlobalSection
	GlobalSection(ProjectConfigurationPlatforms) = postSolution
		{593B27F8-E15F-4AD3-B25A-39E7B2129C96}.Debug|x64.ActiveCfg = Debug|x64
		{593B27F8-E15F-4AD3-B25A-39E7B2129C96}.Debug|x64.Build.0 = Debug|x64
		{593B27F8-E15F-4AD3-B25A-39E7B2129C96}.Debug|x86.ActiveCfg = Debug|Win32
		{593B27F8-E15F-4AD3-B25A-39E7B2129C96}.Debug|x86.Build.0 = Debug|Win32
		{593B27F8-E15F-4AD3-B25A-39E7B2129C96}.Release|x64.ActiveCfg = Release|x64
		{593B27F8-E15F-4AD3-B25A-39E7B2129C96}.Release|x64.Build.0 = Release|x64
		{593B27F8-E15F-4AD3-B25A-39E7B2129C96}.Release|x86.ActiveCfg = Release|Win32
		{593B27F8-E15F-4AD3-B25A-39E7B2129C96}.Release|x86.Build.0 = Release|Win32
	EndGlobalSection
	GlobalSection(SolutionProperties) = preSolution
		HideSolutionNode = FALSE
	EndGlobalSection
	GlobalSection(ExtensibilityGlobals) = postSolution
		SolutionGuid = {5838F3FA-ABFF-4BB8-BE5D-AB03B98443F3}
	EndGlobalSection
EndGlobal
